Microsoft Visual Studio Solution File, Format Version 12.00
# Visual Studio Version 17
VisualStudioVersion = 17.7.34221.43
MinimumVisualStudioVersion = 10.0.40219.1
Project("{FAE04EC0-301F-11D3-BF4B-00C04F79EFBC}") = "Assembly-CSharp-firstpass", "Assembly-CSharp-firstpass.csproj", "{28729BE6-E187-A298-C65B-B68F15CA2DC5}"
EndProject
Project("{FAE04EC0-301F-11D3-BF4B-00C04F79EFBC}") = "Assembly-CSharp", "Assembly-CSharp.csproj", "{D31435FA-3EAB-DFF0-8640-230835A88C54}"
EndProject
Global
	GlobalSection(SolutionConfigurationPlatforms) = preSolution
		Debug|Any CPU = Debug|Any CPU
		Release|Any CPU = Release|Any CPU
	EndGlobalSection
	GlobalSection(ProjectConfigurationPlatforms) = postSolution
		{28729BE6-E187-A298-C65B-B68F15CA2DC5}.Debug|Any CPU.ActiveCfg = Debug|Any CPU
		{28729BE6-E187-A298-C65B-B68F15CA2DC5}.Debug|Any CPU.Build.0 = Debug|Any CPU
		{28729BE6-E187-A298-C65B-B68F15CA2DC5}.Release|Any CPU.ActiveCfg = Release|Any CPU
		{28729BE6-E187-A298-C65B-B68F15CA2DC5}.Release|Any CPU.Build.0 = Release|Any CPU
		{D31435FA-3EAB-DFF0-8640-230835A88C54}.Debug|Any CPU.ActiveCfg = Debug|Any CPU
		{D31435FA-3EAB-DFF0-8640-230835A88C54}.Debug|Any CPU.Build.0 = Debug|Any CPU
		{D31435FA-3EAB-DFF0-8640-230835A88C54}.Release|Any CPU.ActiveCfg = Release|Any CPU
		{D31435FA-3EAB-DFF0-8640-230835A88C54}.Release|Any CPU.Build.0 = Release|Any CPU
	EndGlobalSection
	GlobalSection(SolutionProperties) = preSolution
		HideSolutionNode = FALSE
	EndGlobalSection
	GlobalSection(ExtensibilityGlobals) = postSolution
		SolutionGuid = {DA801815-5D09-4795-B17A-DAE11EDC9C01}
	EndGlobalSection
	GlobalSection(MonoDevelopProperties) = preSolution
		StartupItem = Assembly-CSharp.csproj
	EndGlobalSection
EndGlobal
